PODS:
  - Capacitor (7.6.7):
    - CapacitorCordova
  - CapacitorCordova (7.6.7)
  - CapacitorHaptics (7.0.5):
    - Capacitor
  - CapacitorLocalNotifications (7.0.7):
    - Capacitor
  - CapacitorSplashScreen (7.0.5):
    - Capacitor
  - Sentry (9.16.1):
    - Sentry/Core (= 9.16.1)
  - Sentry/Core (9.16.1)
  - SentryCapacitor (4.3.0):
    - Capacitor
    - Sentry (= 9.16.1)

DEPENDENCIES:
  - "Capacitor (from `../../node_modules/@capacitor/ios`)"
  - "CapacitorCordova (from `../../node_modules/@capacitor/ios`)"
  - "CapacitorHaptics (from `../../node_modules/@capacitor/haptics`)"
  - "CapacitorLocalNotifications (from `../../node_modules/@capacitor/local-notifications`)"
  - "CapacitorSplashScreen (from `../../node_modules/@capacitor/splash-screen`)"
  - "SentryCapacitor (from `../../node_modules/@sentry/capacitor`)"

SPEC REPOS:
  trunk:
    - Sentry

EXTERNAL SOURCES:
  Capacitor:
    :path: "../../node_modules/@capacitor/ios"
  CapacitorCordova:
    :path: "../../node_modules/@capacitor/ios"
  CapacitorHaptics:
    :path: "../../node_modules/@capacitor/haptics"
  CapacitorLocalNotifications:
    :path: "../../node_modules/@capacitor/local-notifications"
  CapacitorSplashScreen:
    :path: "../../node_modules/@capacitor/splash-screen"
  SentryCapacitor:
    :path: "../../node_modules/@sentry/capacitor"

SPEC CHECKSUMS:
  Capacitor: 8ef25ba872436d2c5ac2a4791f7255529bdcd93b
  CapacitorCordova: 139e2ed3d91c54b5aeae7941135c9f9aefc6da1d
  CapacitorHaptics: 1b145fa83c622e5383a3bac04ea81e2514f0b0f5
  CapacitorLocalNotifications: 71124afe526ac00585314bff34651bd023f86e37
  CapacitorSplashScreen: 409eeaaeac603d264f209c0fcb718aa22fe1f7bb
  Sentry: e5d82a3c1f2d951f75c04c57215a0abb1facbd51
  SentryCapacitor: 0561def7ada7e47d0437324e7aa3db60d52bfe40

PODFILE CHECKSUM: 137ef357acce0fe7687c5a7361090d4d1033d2d5

COCOAPODS: 1.17.0
